
Microsoft Visual Studio Solution File, Format Version 12.00
# Visual Studio Version 16
VisualStudioVersion = 16.0.31205.134
MinimumVisualStudioVersion = 10.0.40219.1
Project("{FAE04EC0-301F-11D3-BF4B-00C04F79EFBC}") = "AlphaClicker", "AlphaClicker.csproj", "{B10C9DFF-5E96-47BC-B8AF-6CD518F3F58F}"
EndProject
Global
	GlobalSection(SolutionConfigurationPlatforms) = preSolution
		Debug|Any CPU = Debug|Any CPU
		Release|Any CPU = Release|Any CPU
	EndGlobalSection
	GlobalSection(ProjectConfigurationPlatforms) = postSolution
		{B10C9DFF-5E96-47BC-B8AF-6CD518F3F58F}.Debug|Any CPU.ActiveCfg = Debug|Any CPU
		{B10C9DFF-5E96-47BC-B8AF-6CD518F3F58F}.Debug|Any CPU.Build.0 = Debug|Any CPU
		{B10C9DFF-5E96-47BC-B8AF-6CD518F3F58F}.Release|Any CPU.ActiveCfg = Release|Any CPU
		{B10C9DFF-5E96-47BC-B8AF-6CD518F3F58F}.Release|Any CPU.Build.0 = Release|Any CPU
	EndGlobalSection
	GlobalSection(SolutionProperties) = preSolution
		HideSolutionNode = FALSE
	EndGlobalSection
	GlobalSection(ExtensibilityGlobals) = postSolution
		SolutionGuid = {F899EF77-4339-40C2-8958-0A4DB8224A2D}
	EndGlobalSection
EndGlobal
